
Microsoft Visual Studio Solution File, Format Version 12.00
# Visual Studio Version 17
VisualStudioVersion = 17.13.35913.81
MinimumVisualStudioVersion = 10.0.40219.1
Project("{FAE04EC0-301F-11D3-BF4B-00C04F79EFBC}") = "FilesystemViewer.Maui", "FilesystemViewer.Maui\FilesystemViewer.Maui.csproj", "{CF4C7FF0-DD7B-C58E-EED0-0C1DDECABAF7}"
EndProject
Project("{FAE04EC0-301F-11D3-BF4B-00C04F79EFBC}") = "FilesystemViewer.Portable", "FilesystemViewer.Portable\FilesystemViewer.Portable.csproj", "{5CD0424B-05FF-4AB7-948A-B8622957315A}"
EndProject
Project("{FAE04EC0-301F-11D3-BF4B-00C04F79EFBC}") = "FilesystemViewer.WinForms", "FilesystemViewer.WinForms\FilesystemViewer.WinForms.csproj", "{60F2CDE3-A375-4144-B720-F1E200B32823}"
EndProject
Global
	GlobalSection(SolutionConfigurationPlatforms) = preSolution
		Debug|Any CPU = Debug|Any CPU
		Release|Any CPU = Release|Any CPU
	EndGlobalSection
	GlobalSection(ProjectConfigurationPlatforms) = postSolution
		{CF4C7FF0-DD7B-C58E-EED0-0C1DDECABAF7}.Debug|Any CPU.ActiveCfg = Debug|Any CPU
		{CF4C7FF0-DD7B-C58E-EED0-0C1DDECABAF7}.Debug|Any CPU.Build.0 = Debug|Any CPU
		{CF4C7FF0-DD7B-C58E-EED0-0C1DDECABAF7}.Debug|Any CPU.Deploy.0 = Debug|Any CPU
		{CF4C7FF0-DD7B-C58E-EED0-0C1DDECABAF7}.Release|Any CPU.ActiveCfg = Release|Any CPU
		{CF4C7FF0-DD7B-C58E-EED0-0C1DDECABAF7}.Release|Any CPU.Build.0 = Release|Any CPU
		{CF4C7FF0-DD7B-C58E-EED0-0C1DDECABAF7}.Release|Any CPU.Deploy.0 = Release|Any CPU
		{5CD0424B-05FF-4AB7-948A-B8622957315A}.Debug|Any CPU.ActiveCfg = Debug|Any CPU
		{5CD0424B-05FF-4AB7-948A-B8622957315A}.Debug|Any CPU.Build.0 = Debug|Any CPU
		{5CD0424B-05FF-4AB7-948A-B8622957315A}.Release|Any CPU.ActiveCfg = Release|Any CPU
		{5CD0424B-05FF-4AB7-948A-B8622957315A}.Release|Any CPU.Build.0 = Release|Any CPU
		{60F2CDE3-A375-4144-B720-F1E200B32823}.Debug|Any CPU.ActiveCfg = Debug|Any CPU
		{60F2CDE3-A375-4144-B720-F1E200B32823}.Debug|Any CPU.Build.0 = Debug|Any CPU
		{60F2CDE3-A375-4144-B720-F1E200B32823}.Release|Any CPU.ActiveCfg = Release|Any CPU
		{60F2CDE3-A375-4144-B720-F1E200B32823}.Release|Any CPU.Build.0 = Release|Any CPU
	EndGlobalSection
	GlobalSection(SolutionProperties) = preSolution
		HideSolutionNode = FALSE
	EndGlobalSection
	GlobalSection(ExtensibilityGlobals) = postSolution
		SolutionGuid = {8AE99F97-388E-4AD2-B068-1473918A3325}
	EndGlobalSection
EndGlobal
